
Microsoft Visual Studio Solution File, Format Version 12.00
# Visual Studio Version 16
VisualStudioVersion = 16.0.30413.136
MinimumVisualStudioVersion = 10.0.40219.1
Project("{FAE04EC0-301F-11D3-BF4B-00C04F79EFBC}") = "HardwareShop", "HardwareShop\HardwareShop.csproj", "{D659BF16-D8CB-44CF-9CB4-99BD987D7584}"
EndProject
Global
	GlobalSection(SolutionConfigurationPlatforms) = preSolution
		Debug|Any CPU = Debug|Any CPU
		Release|Any CPU = Release|Any CPU
	EndGlobalSection
	GlobalSection(ProjectConfigurationPlatforms) = postSolution
		{D659BF16-D8CB-44CF-9CB4-99BD987D7584}.Debug|Any CPU.ActiveCfg = Debug|Any CPU
		{D659BF16-D8CB-44CF-9CB4-99BD987D7584}.Debug|Any CPU.Build.0 = Debug|Any CPU
		{D659BF16-D8CB-44CF-9CB4-99BD987D7584}.Release|Any CPU.ActiveCfg = Release|Any CPU
		{D659BF16-D8CB-44CF-9CB4-99BD987D7584}.Release|Any CPU.Build.0 = Release|Any CPU
	EndGlobalSection
	GlobalSection(SolutionProperties) = preSolution
		HideSolutionNode = FALSE
	EndGlobalSection
	GlobalSection(ExtensibilityGlobals) = postSolution
		SolutionGuid = {B0E3AD67-078D-4638-89F0-FD2C76D1C564}
	EndGlobalSection
EndGlobal
